// !$*UTF8*$!
{
	archiveVersion = 1;
	classes = {
	};
	objectVersion = 46;
	objects = {

/* Begin PBXBuildFile section */
		045756E11AA84F7C001953A1 /* main.m in Sources */ = {isa = PBXBuildFile; fileRef = 045756E01AA84F7C001953A1 /* main.m */; };
		045756E41AA84F7C001953A1 /* AppDelegate.m in Sources */ = {isa = PBXBuildFile; fileRef = 045756E31AA84F7C001953A1 /* AppDelegate.m */; };
		045756E71AA84F7C001953A1 /* ViewController.m in Sources */ = {isa = PBXBuildFile; fileRef = 045756E61AA84F7C001953A1 /* ViewController.m */; };
		045756EA1AA84F7C001953A1 /* Main.storyboard in Resources */ = {isa = PBXBuildFile; fileRef = 045756E81AA84F7C001953A1 /* Main.storyboard */; };
		045756EC1AA84F7C001953A1 /* Images.xcassets in Resources */ = {isa = PBXBuildFile; fileRef = 045756EB1AA84F7C001953A1 /* Images.xcassets */; };
		045756EF1AA84F7C001953A1 /* LaunchScreen.xib in Resources */ = {isa = PBXBuildFile; fileRef = 045756ED1AA84F7C001953A1 /* LaunchScreen.xib */; };
		045756FB1AA84F7C001953A1 /* test88Tests.m in Sources */ = {isa = PBXBuildFile; fileRef = 045756FA1AA84F7C001953A1 /* test88Tests.m */; };
		045757061AA8510B001953A1 /* SecondViewController.m in Sources */ = {isa = PBXBuildFile; fileRef = 045757051AA8510B001953A1 /* SecondViewController.m */; };
/* End PBXBuildFile section */

/* Begin PBXContainerItemProxy section */
		045756F51AA84F7C001953A1 /* PBXContainerItemProxy */ = {
			isa = PBXContainerItemProxy;
			containerPortal = 045756D31AA84F7C001953A1 /* Project object */;
			proxyType = 1;
			remoteGlobalIDString = 045756DA1AA84F7C001953A1;
			remoteInfo = test88;
		};
/* End PBXContainerItemProxy section */

/* Begin PBXFileReference section */
		045756DB1AA84F7C001953A1 /* test88.app */ = {isa = PBXFileReference; explicitFileType = wrapper.application; includeInIndex = 0; path = test88.app; sourceTree = BUILT_PRODUCTS_DIR; };
		045756DF1AA84F7C001953A1 /* Info.plist */ = {isa = PBXFileReference; lastKnownFileType = text.plist.xml; path = Info.plist; sourceTree = "<group>"; };
		045756E01AA84F7C001953A1 /* main.m */ = {isa = PBXFileReference; lastKnownFileType = sourcecode.c.objc; path = main.m; sourceTree = "<group>"; };
		045756E21AA84F7C001953A1 /* AppDelegate.h */ = {isa = PBXFileReference; lastKnownFileType = sourcecode.c.h; path = AppDelegate.h; sourceTree = "<group>"; };
		045756E31AA84F7C001953A1 /* AppDelegate.m */ = {isa = PBXFileReference; lastKnownFileType = sourcecode.c.objc; path = AppDelegate.m; sourceTree = "<group>"; };
		045756E51AA84F7C001953A1 /* ViewController.h */ = {isa = PBXFileReference; lastKnownFileType = sourcecode.c.h; path = ViewController.h; sourceTree = "<group>"; };
		045756E61AA84F7C001953A1 /* ViewController.m */ = {isa = PBXFileReference; lastKnownFileType = sourcecode.c.objc; path = ViewController.m; sourceTree = "<group>"; };
		045756E91AA84F7C001953A1 /* Base */ = {isa = PBXFileReference; lastKnownFileType = file.storyboard; name = Base; path = Base.lproj/Main.storyboard; sourceTree = "<group>"; };
		045756EB1AA84F7C001953A1 /* Images.xcassets */ = {isa = PBXFileReference; lastKnownFileType = folder.assetcatalog; path = Images.xcassets; sourceTree = "<group>"; };
		045756EE1AA84F7C001953A1 /* Base */ = {isa = PBXFileReference; lastKnownFileType = file.xib; name = Base; path = Base.lproj/LaunchScreen.xib; sourceTree = "<group>"; };
		045756F41AA84F7C001953A1 /* test88Tests.xctest */ = {isa = PBXFileReference; explicitFileType = wrapper.cfbundle; includeInIndex = 0; path = test88Tests.xctest; sourceTree = BUILT_PRODUCTS_DIR; };
		045756F91AA84F7C001953A1 /* Info.plist */ = {isa = PBXFileReference; lastKnownFileType = text.plist.xml; path = Info.plist; sourceTree = "<group>"; };
		045756FA1AA84F7C001953A1 /* test88Tests.m */ = {isa = PBXFileReference; lastKnownFileType = sourcecode.c.objc; path = test88Tests.m; sourceTree = "<group>"; };
		045757041AA8510B001953A1 /* SecondViewController.h */ = {isa = PBXFileReference; fileEncoding = 4; lastKnownFileType = sourcecode.c.h; path = SecondViewController.h; sourceTree = "<group>"; };
		045757051AA8510B001953A1 /* SecondViewController.m */ = {isa = PBXFileReference; fileEncoding = 4; lastKnownFileType = sourcecode.c.objc; path = SecondViewController.m; sourceTree = "<group>"; };
/* End PBXFileReference section */

/* Begin PBXFrameworksBuildPhase section */
		045756D81AA84F7C001953A1 /* Frameworks */ = {
			isa = PBXFrameworksBuildPhase;
			buildActionMask = 2147483647;
			files = (
			);
			runOnlyForDeploymentPostprocessing = 0;
		};
		045756F11AA84F7C001953A1 /* Frameworks */ = {
			isa = PBXFrameworksBuildPhase;
			buildActionMask = 2147483647;
			files = (
			);
			runOnlyForDeploymentPostprocessing = 0;
		};
/* End PBXFrameworksBuildPhase section */

/* Begin PBXGroup section */
		045756D21AA84F7C001953A1 = {
			isa = PBXGroup;
			children = (
				045756DD1AA84F7C001953A1 /* test88 */,
				045756F71AA84F7C001953A1 /* test88Tests */,
				045756DC1AA84F7C001953A1 /* Products */,
			);
			sourceTree = "<group>";
		};
		045756DC1AA84F7C001953A1 /* Products */ = {
			isa = PBXGroup;
			children = (
				045756DB1AA84F7C001953A1 /* test88.app */,
				045756F41AA84F7C001953A1 /* test88Tests.xctest */,
			);
			name = Products;
			sourceTree = "<group>";
		};
		045756DD1AA84F7C001953A1 /* test88 */ = {
			isa = PBXGroup;
			children = (
				045756E21AA84F7C001953A1 /* AppDelegate.h */,
				045756E31AA84F7C001953A1 /* AppDelegate.m */,
				045756E51AA84F7C001953A1 /* ViewController.h */,
				045756E61AA84F7C001953A1 /* ViewController.m */,
				045757041AA8510B001953A1 /* SecondViewController.h */,
				045757051AA8510B001953A1 /* SecondViewController.m */,
				045756E81AA84F7C001953A1 /* Main.storyboard */,
				045756EB1AA84F7C001953A1 /* Images.xcassets */,
				045756ED1AA84F7C001953A1 /* LaunchScreen.xib */,
				045756DE1AA84F7C001953A1 /* Supporting Files */,
			);
			path = test88;
			sourceTree = "<group>";
		};
		045756DE1AA84F7C001953A1 /* Supporting Files */ = {
			isa = PBXGroup;
			children = (
				045756DF1AA84F7C001953A1 /* Info.plist */,
				045756E01AA84F7C001953A1 /* main.m */,
			);
			name = "Supporting Files";
			sourceTree = "<group>";
		};
		045756F71AA84F7C001953A1 /* test88Tests */ = {
			isa = PBXGroup;
			children = (
				045756FA1AA84F7C001953A1 /* test88Tests.m */,
				045756F81AA84F7C001953A1 /* Supporting Files */,
			);
			path = test88Tests;
			sourceTree = "<group>";
		};
		045756F81AA84F7C001953A1 /* Supporting Files */ = {
			isa = PBXGroup;
			children = (
				045756F91AA84F7C001953A1 /* Info.plist */,
			);
			name = "Supporting Files";
			sourceTree = "<group>";
		};
/* End PBXGroup section */

/* Begin PBXNativeTarget section */
		045756DA1AA84F7C001953A1 /* test88 */ = {
			isa = PBXNativeTarget;
			buildConfigurationList = 045756FE1AA84F7C001953A1 /* Build configuration list for PBXNativeTarget "test88" */;
			buildPhases = (
				045756D71AA84F7C001953A1 /* Sources */,
				045756D81AA84F7C001953A1 /* Frameworks */,
				045756D91AA84F7C001953A1 /* Resources */,
			);
			buildRules = (
			);
			dependencies = (
			);
			name = test88;
			productName = test88;
			productReference = 045756DB1AA84F7C001953A1 /* test88.app */;
			productType = "com.apple.product-type.application";
		};
		045756F31AA84F7C001953A1 /* test88Tests */ = {
			isa = PBXNativeTarget;
			buildConfigurationList = 045757011AA84F7C001953A1 /* Build configuration list for PBXNativeTarget "test88Tests" */;
			buildPhases = (
				045756F01AA84F7C001953A1 /* Sources */,
				045756F11AA84F7C001953A1 /* Frameworks */,
				045756F21AA84F7C001953A1 /* Resources */,
			);
			buildRules = (
			);
			dependencies = (
				045756F61AA84F7C001953A1 /* PBXTargetDependency */,
			);
			name = test88Tests;
			productName = test88Tests;
			productReference = 045756F41AA84F7C001953A1 /* test88Tests.xctest */;
			productType = "com.apple.product-type.bundle.unit-test";
		};
/* End PBXNativeTarget section */

/* Begin PBXProject section */
		045756D31AA84F7C001953A1 /* Project object */ = {
			isa = PBXProject;
			attributes = {
				LastUpgradeCheck = 0610;
				ORGANIZATIONNAME = macbook;
				TargetAttributes = {
					045756DA1AA84F7C001953A1 = {
						CreatedOnToolsVersion = 6.1.1;
					};
					045756F31AA84F7C001953A1 = {
						CreatedOnToolsVersion = 6.1.1;
						TestTargetID = 045756DA1AA84F7C001953A1;
					};
				};
			};
			buildConfigurationList = 045756D61AA84F7C001953A1 /* Build configuration list for PBXProject "test88" */;
			compatibilityVersion = "Xcode 3.2";
			developmentRegion = English;
			hasScannedForEncodings = 0;
			knownRegions = (
				en,
				Base,
			);
			mainGroup = 045756D21AA84F7C001953A1;
			productRefGroup = 045756DC1AA84F7C001953A1 /* Products */;
			projectDirPath = "";
			projectRoot = "";
			targets = (
				045756DA1AA84F7C001953A1 /* test88 */,
				045756F31AA84F7C001953A1 /* test88Tests */,
			);
		};
/* End PBXProject section */

/* Begin PBXResourcesBuildPhase section */
		045756D91AA84F7C001953A1 /* Resources */ = {
			isa = PBXResourcesBuildPhase;
			buildActionMask = 2147483647;
			files = (
				045756EA1AA84F7C001953A1 /* Main.storyboard in Resources */,
				045756EF1AA84F7C001953A1 /* LaunchScreen.xib in Resources */,
				045756EC1AA84F7C001953A1 /* Images.xcassets in Resources */,
			);
			runOnlyForDeploymentPostprocessing = 0;
		};
		045756F21AA84F7C001953A1 /* Resources */ = {
			isa = PBXResourcesBuildPhase;
			buildActionMask = 2147483647;
			files = (
			);
			runOnlyForDeploymentPostprocessing = 0;
		};
/* End PBXResourcesBuildPhase section */

/* Begin PBXSourcesBuildPhase section */
		045756D71AA84F7C001953A1 /* Sources */ = {
			isa = PBXSourcesBuildPhase;
			buildActionMask = 2147483647;
			files = (
				045757061AA8510B001953A1 /* SecondViewController.m in Sources */,
				045756E71AA84F7C001953A1 /* ViewController.m in Sources */,
				045756E41AA84F7C001953A1 /* AppDelegate.m in Sources */,
				045756E11AA84F7C001953A1 /* main.m in Sources */,
			);
			runOnlyForDeploymentPostprocessing = 0;
		};
		045756F01AA84F7C001953A1 /* Sources */ = {
			isa = PBXSourcesBuildPhase;
			buildActionMask = 2147483647;
			files = (
				045756FB1AA84F7C001953A1 /* test88Tests.m in Sources */,
			);
			runOnlyForDeploymentPostprocessing = 0;
		};
/* End PBXSourcesBuildPhase section */

/* Begin PBXTargetDependency section */
		045756F61AA84F7C001953A1 /* PBXTargetDependency */ = {
			isa = PBXTargetDependency;
			target = 045756DA1AA84F7C001953A1 /* test88 */;
			targetProxy = 045756F51AA84F7C001953A1 /* PBXContainerItemProxy */;
		};
/* End PBXTargetDependency section */

/* Begin PBXVariantGroup section */
		045756E81AA84F7C001953A1 /* Main.storyboard */ = {
			isa = PBXVariantGroup;
			children = (
				045756E91AA84F7C001953A1 /* Base */,
			);
			name = Main.storyboard;
			sourceTree = "<group>";
		};
		045756ED1AA84F7C001953A1 /* LaunchScreen.xib */ = {
			isa = PBXVariantGroup;
			children = (
				045756EE1AA84F7C001953A1 /* Base */,
			);
			name = LaunchScreen.xib;
			sourceTree = "<group>";
		};
/* End PBXVariantGroup section */

/* Begin XCBuildConfiguration section */
		045756FC1AA84F7C001953A1 /* Debug */ = {
			isa = XCBuildConfiguration;
			buildSettings = {
				ALWAYS_SEARCH_USER_PATHS = NO;
				CLANG_CXX_LANGUAGE_STANDARD = "gnu++0x";
				CLANG_CXX_LIBRARY = "libc++";
				CLANG_ENABLE_MODULES = YES;
				CLANG_ENABLE_OBJC_ARC = YES;
				CLANG_WARN_BOOL_CONVERSION = YES;
				CLANG_WARN_CONSTANT_CONVERSION = YES;
				CLANG_WARN_DIRECT_OBJC_ISA_USAGE = YES_ERROR;
				CLANG_WARN_EMPTY_BODY = YES;
				CLANG_WARN_ENUM_CONVERSION = YES;
				CLANG_WARN_INT_CONVERSION = YES;
				CLANG_WARN_OBJC_ROOT_CLASS = YES_ERROR;
				CLANG_WARN_UNREACHABLE_CODE = YES;
				CLANG_WARN__DUPLICATE_METHOD_MATCH = YES;
				"CODE_SIGN_IDENTITY[sdk=iphoneos*]" = "iPhone Developer";
				COPY_PHASE_STRIP = NO;
				ENABLE_STRICT_OBJC_MSGSEND = YES;
				GCC_C_LANGUAGE_STANDARD = gnu99;
				GCC_DYNAMIC_NO_PIC = NO;
				GCC_OPTIMIZATION_LEVEL = 0;
				GCC_PREPROCESSOR_DEFINITIONS = (
					"DEBUG=1",
					"$(inherited)",
				);
				GCC_SYMBOLS_PRIVATE_EXTERN = NO;
				GCC_WARN_64_TO_32_BIT_CONVERSION = YES;
				GCC_WARN_ABOUT_RETURN_TYPE = YES_ERROR;
				GCC_WARN_UNDECLARED_SELECTOR = YES;
				GCC_WARN_UNINITIALIZED_AUTOS = YES_AGGRESSIVE;
				GCC_WARN_UNUSED_FUNCTION = YES;
				GCC_WARN_UNUSED_VARIABLE = YES;
				IPHONEOS_DEPLOYMENT_TARGET = 8.1;
				MTL_ENABLE_DEBUG_INFO = YES;
				ONLY_ACTIVE_ARCH = YES;
				SDKROOT = iphoneos;
			};
			name = Debug;
		};
		045756FD1AA84F7C001953A1 /* Release */ = {
			isa = XCBuildConfiguration;
			buildSettings = {
				ALWAYS_SEARCH_USER_PATHS = NO;
				CLANG_CXX_LANGUAGE_STANDARD = "gnu++0x";
				CLANG_CXX_LIBRARY = "libc++";
				CLANG_ENABLE_MODULES = YES;
				CLANG_ENABLE_OBJC_ARC = YES;
				CLANG_WARN_BOOL_CONVERSION = YES;
				CLANG_WARN_CONSTANT_CONVERSION = YES;
				CLANG_WARN_DIRECT_OBJC_ISA_USAGE = YES_ERROR;
				CLANG_WARN_EMPTY_BODY = YES;
				CLANG_WARN_ENUM_CONVERSION = YES;
				CLANG_WARN_INT_CONVERSION = YES;
				CLANG_WARN_OBJC_ROOT_CLASS = YES_ERROR;
				CLANG_WARN_UNREACHABLE_CODE = YES;
				CLANG_WARN__DUPLICATE_METHOD_MATCH = YES;
				"CODE_SIGN_IDENTITY[sdk=iphoneos*]" = "iPhone Developer";
				COPY_PHASE_STRIP = YES;
				ENABLE_NS_ASSERTIONS = NO;
				ENABLE_STRICT_OBJC_MSGSEND = YES;
				GCC_C_LANGUAGE_STANDARD = gnu99;
				GCC_WARN_64_TO_32_BIT_CONVERSION = YES;
				GCC_WARN_ABOUT_RETURN_TYPE = YES_ERROR;
				GCC_WARN_UNDECLARED_SELECTOR = YES;
				GCC_WARN_UNINITIALIZED_AUTOS = YES_AGGRESSIVE;
				GCC_WARN_UNUSED_FUNCTION = YES;
				GCC_WARN_UNUSED_VARIABLE = YES;
				IPHONEOS_DEPLOYMENT_TARGET = 8.1;
				MTL_ENABLE_DEBUG_INFO = NO;
				SDKROOT = iphoneos;
				VALIDATE_PRODUCT = YES;
			};
			name = Release;
		};
		045756FF1AA84F7C001953A1 /* Debug */ = {
			isa = XCBuildConfiguration;
			buildSettings = {
				ASSETCATALOG_COMPILER_APPICON_NAME = AppIcon;
				INFOPLIST_FILE = test88/Info.plist;
				LD_RUNPATH_SEARCH_PATHS = "$(inherited) @executable_path/Frameworks";
				PRODUCT_NAME = "$(TARGET_NAME)";
			};
			name = Debug;
		};
		045757001AA84F7C001953A1 /* Release */ = {
			isa = XCBuildConfiguration;
			buildSettings = {
				ASSETCATALOG_COMPILER_APPICON_NAME = AppIcon;
				INFOPLIST_FILE = test88/Info.plist;
				LD_RUNPATH_SEARCH_PATHS = "$(inherited) @executable_path/Frameworks";
				PRODUCT_NAME = "$(TARGET_NAME)";
			};
			name = Release;
		};
		045757021AA84F7C001953A1 /* Debug */ = {
			isa = XCBuildConfiguration;
			buildSettings = {
				BUNDLE_LOADER = "$(TEST_HOST)";
				FRAMEWORK_SEARCH_PATHS = (
					"$(SDKROOT)/Developer/Library/Frameworks",
					"$(inherited)",
				);
				GCC_PREPROCESSOR_DEFINITIONS = (
					"DEBUG=1",
					"$(inherited)",
				);
				INFOPLIST_FILE = test88Tests/Info.plist;
				LD_RUNPATH_SEARCH_PATHS = "$(inherited) @executable_path/Frameworks @loader_path/Frameworks";
				PRODUCT_NAME = "$(TARGET_NAME)";
				TEST_HOST = "$(BUILT_PRODUCTS_DIR)/test88.app/test88";
			};
			name = Debug;
		};
		045757031AA84F7C001953A1 /* Release */ = {
			isa = XCBuildConfiguration;
			buildSettings = {
				BUNDLE_LOADER = "$(TEST_HOST)";
				FRAMEWORK_SEARCH_PATHS = (
					"$(SDKROOT)/Developer/Library/Frameworks",
					"$(inherited)",
				);
				INFOPLIST_FILE = test88Tests/Info.plist;
				LD_RUNPATH_SEARCH_PATHS = "$(inherited) @executable_path/Frameworks @loader_path/Frameworks";
				PRODUCT_NAME = "$(TARGET_NAME)";
				TEST_HOST = "$(BUILT_PRODUCTS_DIR)/test88.app/test88";
			};
			name = Release;
		};
/* End XCBuildConfiguration section */

/* Begin XCConfigurationList section */
		045756D61AA84F7C001953A1 /* Build configuration list for PBXProject "test88" */ = {
			isa = XCConfigurationList;
			buildConfigurations = (
				045756FC1AA84F7C001953A1 /* Debug */,
				045756FD1AA84F7C001953A1 /* Release */,
			);
			defaultConfigurationIsVisible = 0;
			defaultConfigurationName = Release;
		};
		045756FE1AA84F7C001953A1 /* Build configuration list for PBXNativeTarget "test88" */ = {
			isa = XCConfigurationList;
			buildConfigurations = (
				045756FF1AA84F7C001953A1 /* Debug */,
				045757001AA84F7C001953A1 /* Release */,
			);
			defaultConfigurationIsVisible = 0;
		};
		045757011AA84F7C001953A1 /* Build configuration list for PBXNativeTarget "test88Tests" */ = {
			isa = XCConfigurationList;
			buildConfigurations = (
				045757021AA84F7C001953A1 /* Debug */,
				045757031AA84F7C001953A1 /* Release */,
			);
			defaultConfigurationIsVisible = 0;
		};
/* End XCConfigurationList section */
	};
	rootObject = 045756D31AA84F7C001953A1 /* Project object */;
}
